// !$*UTF8*$!
{
	archiveVersion = 1;
	classes = {
	};
	objectVersion = 55;
	objects = {

/* Begin PBXBuildFile section */
		B61A31C5278CB1030008D48F /* MeediesApp.swift in Sources */ = {isa = PBXBuildFile; fileRef = B61A31C4278CB1030008D48F /* MeediesApp.swift */; };
		B61A31C7278CB1030008D48F /* ContentView.swift in Sources */ = {isa = PBXBuildFile; fileRef = B61A31C6278CB1030008D48F /* ContentView.swift */; };
		B61A31C9278CB1040008D48F /* Assets.xcassets in Resources */ = {isa = PBXBuildFile; fileRef = B61A31C8278CB1040008D48F /* Assets.xcassets */; };
		B61A31CC278CB1040008D48F /* Preview Assets.xcassets in Resources */ = {isa = PBXBuildFile; fileRef = B61A31CB278CB1040008D48F /* Preview Assets.xcassets */; };
		B61A31CE278CB1040008D48F /* Persistence.swift in Sources */ = {isa = PBXBuildFile; fileRef = B61A31CD278CB1040008D48F /* Persistence.swift */; };
		B61A31D1278CB1040008D48F /* Meedies.xcdatamodeld in Sources */ = {isa = PBXBuildFile; fileRef = B61A31CF278CB1040008D48F /* Meedies.xcdatamodeld */; };
		B61A31DB278CB2DB0008D48F /* ImagePickerManager.swift in Sources */ = {isa = PBXBuildFile; fileRef = B61A31DA278CB2DB0008D48F /* ImagePickerManager.swift */; };
		B61A31DD278CB2F90008D48F /* VisualEffectBlur.swift in Sources */ = {isa = PBXBuildFile; fileRef = B61A31DC278CB2F90008D48F /* VisualEffectBlur.swift */; };
		B61A31E0278CC0A20008D48F /* GradientForeground.swift in Sources */ = {isa = PBXBuildFile; fileRef = B61A31DF278CC0A20008D48F /* GradientForeground.swift */; };
		B664A4B6278E0A6700A37B6C /* ButtonComponent.swift in Sources */ = {isa = PBXBuildFile; fileRef = B664A4B5278E0A6700A37B6C /* ButtonComponent.swift */; };
		B664A4B8278E0F3400A37B6C /* TextFiledComponent.swift in Sources */ = {isa = PBXBuildFile; fileRef = B664A4B7278E0F3400A37B6C /* TextFiledComponent.swift */; };
		B6B8511E278F291F007E9451 /* FirebaseAuth in Frameworks */ = {isa = PBXBuildFile; productRef = B6B8511D278F291F007E9451 /* FirebaseAuth */; };
		B6B85120278F3912007E9451 /* GoogleService-Info.plist in Resources */ = {isa = PBXBuildFile; fileRef = B6B8511F278F3912007E9451 /* GoogleService-Info.plist */; };
		B6B85122278F4C07007E9451 /* ProfileView.swift in Sources */ = {isa = PBXBuildFile; fileRef = B6B85121278F4C07007E9451 /* ProfileView.swift */; };
		B6B85126279201F9007E9451 /* SignInWAppleButtonComponent.swift in Sources */ = {isa = PBXBuildFile; fileRef = B6B85125279201F9007E9451 /* SignInWAppleButtonComponent.swift */; };
/* End PBXBuildFile section */

/* Begin PBXFileReference section */
		B61A31C1278CB1030008D48F /* Meedies.app */ = {isa = PBXFileReference; explicitFileType = wrapper.application; includeInIndex = 0; path = Meedies.app; sourceTree = BUILT_PRODUCTS_DIR; };
		B61A31C4278CB1030008D48F /* MeediesApp.swift */ = {isa = PBXFileReference; lastKnownFileType = sourcecode.swift; path = MeediesApp.swift; sourceTree = "<group>"; };
		B61A31C6278CB1030008D48F /* ContentView.swift */ = {isa = PBXFileReference; lastKnownFileType = sourcecode.swift; path = ContentView.swift; sourceTree = "<group>"; };
		B61A31C8278CB1040008D48F /* Assets.xcassets */ = {isa = PBXFileReference; lastKnownFileType = folder.assetcatalog; path = Assets.xcassets; sourceTree = "<group>"; };
		B61A31CB278CB1040008D48F /* Preview Assets.xcassets */ = {isa = PBXFileReference; lastKnownFileType = folder.assetcatalog; path = "Preview Assets.xcassets"; sourceTree = "<group>"; };
		B61A31CD278CB1040008D48F /* Persistence.swift */ = {isa = PBXFileReference; lastKnownFileType = sourcecode.swift; path = Persistence.swift; sourceTree = "<group>"; };
		B61A31D0278CB1040008D48F /* Meedies.xcdatamodel */ = {isa = PBXFileReference; lastKnownFileType = wrapper.xcdatamodel; path = Meedies.xcdatamodel; sourceTree = "<group>"; };
		B61A31DA278CB2DB0008D48F /* ImagePickerManager.swift */ = {isa = PBXFileReference; lastKnownFileType = sourcecode.swift; path = ImagePickerManager.swift; sourceTree = "<group>"; };
		B61A31DC278CB2F90008D48F /* VisualEffectBlur.swift */ = {isa = PBXFileReference; lastKnownFileType = sourcecode.swift; path = VisualEffectBlur.swift; sourceTree = "<group>"; };
		B61A31DF278CC0A20008D48F /* GradientForeground.swift */ = {isa = PBXFileReference; lastKnownFileType = sourcecode.swift; path = GradientForeground.swift; sourceTree = "<group>"; };
		B664A4B5278E0A6700A37B6C /* ButtonComponent.swift */ = {isa = PBXFileReference; lastKnownFileType = sourcecode.swift; path = ButtonComponent.swift; sourceTree = "<group>"; };
		B664A4B7278E0F3400A37B6C /* TextFiledComponent.swift */ = {isa = PBXFileReference; lastKnownFileType = sourcecode.swift; path = TextFiledComponent.swift; sourceTree = "<group>"; };
		B6B8511F278F3912007E9451 /* GoogleService-Info.plist */ = {isa = PBXFileReference; fileEncoding = 4; lastKnownFileType = text.plist.xml; path = "GoogleService-Info.plist"; sourceTree = "<group>"; };
		B6B85121278F4C07007E9451 /* ProfileView.swift */ = {isa = PBXFileReference; lastKnownFileType = sourcecode.swift; path = ProfileView.swift; sourceTree = "<group>"; };
		B6B85125279201F9007E9451 /* SignInWAppleButtonComponent.swift */ = {isa = PBXFileReference; lastKnownFileType = sourcecode.swift; path = SignInWAppleButtonComponent.swift; sourceTree = "<group>"; };
		B6B8512727920495007E9451 /* Meedies.entitlements */ = {isa = PBXFileReference; lastKnownFileType = text.plist.entitlements; path = Meedies.entitlements; sourceTree = "<group>"; };
/* End PBXFileReference section */

/* Begin PBXFrameworksBuildPhase section */
		B61A31BE278CB1030008D48F /* Frameworks */ = {
			isa = PBXFrameworksBuildPhase;
			buildActionMask = 2147483647;
			files = (
				B6B8511E278F291F007E9451 /* FirebaseAuth in Frameworks */,
			);
			runOnlyForDeploymentPostprocessing = 0;
		};
/* End PBXFrameworksBuildPhase section */

/* Begin PBXGroup section */
		B61A31B8278CB1030008D48F = {
			isa = PBXGroup;
			children = (
				B61A31C3278CB1030008D48F /* Meedies */,
				B61A31C2278CB1030008D48F /* Products */,
			);
			sourceTree = "<group>";
		};
		B61A31C2278CB1030008D48F /* Products */ = {
			isa = PBXGroup;
			children = (
				B61A31C1278CB1030008D48F /* Meedies.app */,
			);
			name = Products;
			sourceTree = "<group>";
		};
		B61A31C3278CB1030008D48F /* Meedies */ = {
			isa = PBXGroup;
			children = (
				B6B8512727920495007E9451 /* Meedies.entitlements */,
				B664A4B4278E0A4E00A37B6C /* Components */,
				B61A31DE278CC0890008D48F /* Extensions */,
				B61A31D9278CB2C50008D48F /* Managers */,
				B61A31C4278CB1030008D48F /* MeediesApp.swift */,
				B61A31C6278CB1030008D48F /* ContentView.swift */,
				B6B85121278F4C07007E9451 /* ProfileView.swift */,
				B61A31C8278CB1040008D48F /* Assets.xcassets */,
				B61A31CD278CB1040008D48F /* Persistence.swift */,
				B61A31CF278CB1040008D48F /* Meedies.xcdatamodeld */,
				B6B8511F278F3912007E9451 /* GoogleService-Info.plist */,
				B61A31CA278CB1040008D48F /* Preview Content */,
			);
			path = Meedies;
			sourceTree = "<group>";
		};
		B61A31CA278CB1040008D48F /* Preview Content */ = {
			isa = PBXGroup;
			children = (
				B61A31CB278CB1040008D48F /* Preview Assets.xcassets */,
			);
			path = "Preview Content";
			sourceTree = "<group>";
		};
		B61A31D9278CB2C50008D48F /* Managers */ = {
			isa = PBXGroup;
			children = (
				B61A31DA278CB2DB0008D48F /* ImagePickerManager.swift */,
				B61A31DC278CB2F90008D48F /* VisualEffectBlur.swift */,
			);
			path = Managers;
			sourceTree = "<group>";
		};
		B61A31DE278CC0890008D48F /* Extensions */ = {
			isa = PBXGroup;
			children = (
				B61A31DF278CC0A20008D48F /* GradientForeground.swift */,
			);
			path = Extensions;
			sourceTree = "<group>";
		};
		B664A4B4278E0A4E00A37B6C /* Components */ = {
			isa = PBXGroup;
			children = (
				B664A4B5278E0A6700A37B6C /* ButtonComponent.swift */,
				B664A4B7278E0F3400A37B6C /* TextFiledComponent.swift */,
				B6B85125279201F9007E9451 /* SignInWAppleButtonComponent.swift */,
			);
			path = Components;
			sourceTree = "<group>";
		};
/* End PBXGroup section */

/* Begin PBXNativeTarget section */
		B61A31C0278CB1030008D48F /* Meedies */ = {
			isa = PBXNativeTarget;
			buildConfigurationList = B61A31D4278CB1040008D48F /* Build configuration list for PBXNativeTarget "Meedies" */;
			buildPhases = (
				B61A31BD278CB1030008D48F /* Sources */,
				B61A31BE278CB1030008D48F /* Frameworks */,
				B61A31BF278CB1030008D48F /* Resources */,
			);
			buildRules = (
			);
			dependencies = (
			);
			name = Meedies;
			packageProductDependencies = (
				B6B8511D278F291F007E9451 /* FirebaseAuth */,
			);
			productName = Meedies;
			productReference = B61A31C1278CB1030008D48F /* Meedies.app */;
			productType = "com.apple.product-type.application";
		};
/* End PBXNativeTarget section */

/* Begin PBXProject section */
		B61A31B9278CB1030008D48F /* Project object */ = {
			isa = PBXProject;
			attributes = {
				BuildIndependentTargetsInParallel = 1;
				LastSwiftUpdateCheck = 1320;
				LastUpgradeCheck = 1320;
				TargetAttributes = {
					B61A31C0278CB1030008D48F = {
						CreatedOnToolsVersion = 13.2.1;
					};
				};
			};
			buildConfigurationList = B61A31BC278CB1030008D48F /* Build configuration list for PBXProject "Meedies" */;
			compatibilityVersion = "Xcode 13.0";
			developmentRegion = en;
			hasScannedForEncodings = 0;
			knownRegions = (
				en,
				Base,
			);
			mainGroup = B61A31B8278CB1030008D48F;
			packageReferences = (
				B6B8511C278F291F007E9451 /* XCRemoteSwiftPackageReference "firebase-ios-sdk" */,
			);
			productRefGroup = B61A31C2278CB1030008D48F /* Products */;
			projectDirPath = "";
			projectRoot = "";
			targets = (
				B61A31C0278CB1030008D48F /* Meedies */,
			);
		};
/* End PBXProject section */

/* Begin PBXResourcesBuildPhase section */
		B61A31BF278CB1030008D48F /* Resources */ = {
			isa = PBXResourcesBuildPhase;
			buildActionMask = 2147483647;
			files = (
				B61A31CC278CB1040008D48F /* Preview Assets.xcassets in Resources */,
				B61A31C9278CB1040008D48F /* Assets.xcassets in Resources */,
				B6B85120278F3912007E9451 /* GoogleService-Info.plist in Resources */,
			);
			runOnlyForDeploymentPostprocessing = 0;
		};
/* End PBXResourcesBuildPhase section */

/* Begin PBXSourcesBuildPhase section */
		B61A31BD278CB1030008D48F /* Sources */ = {
			isa = PBXSourcesBuildPhase;
			buildActionMask = 2147483647;
			files = (
				B61A31D1278CB1040008D48F /* Meedies.xcdatamodeld in Sources */,
				B61A31DB278CB2DB0008D48F /* ImagePickerManager.swift in Sources */,
				B6B85122278F4C07007E9451 /* ProfileView.swift in Sources */,
				B61A31CE278CB1040008D48F /* Persistence.swift in Sources */,
				B61A31E0278CC0A20008D48F /* GradientForeground.swift in Sources */,
				B61A31DD278CB2F90008D48F /* VisualEffectBlur.swift in Sources */,
				B664A4B8278E0F3400A37B6C /* TextFiledComponent.swift in Sources */,
				B6B85126279201F9007E9451 /* SignInWAppleButtonComponent.swift in Sources */,
				B61A31C7278CB1030008D48F /* ContentView.swift in Sources */,
				B61A31C5278CB1030008D48F /* MeediesApp.swift in Sources */,
				B664A4B6278E0A6700A37B6C /* ButtonComponent.swift in Sources */,
			);
			runOnlyForDeploymentPostprocessing = 0;
		};
/* End PBXSourcesBuildPhase section */

/* Begin XCBuildConfiguration section */
		B61A31D2278CB1040008D48F /* Debug */ = {
			isa = XCBuildConfiguration;
			buildSettings = {
				ALWAYS_SEARCH_USER_PATHS = NO;
				CLANG_ANALYZER_NONNULL = YES;
				CLANG_ANALYZER_NUMBER_OBJECT_CONVERSION = YES_AGGRESSIVE;
				CLANG_CXX_LANGUAGE_STANDARD = "gnu++17";
				CLANG_CXX_LIBRARY = "libc++";
				CLANG_ENABLE_MODULES = YES;
				CLANG_ENABLE_OBJC_ARC = YES;
				CLANG_ENABLE_OBJC_WEAK = YES;
				CLANG_WARN_BLOCK_CAPTURE_AUTORELEASING = YES;
				CLANG_WARN_BOOL_CONVERSION = YES;
				CLANG_WARN_COMMA = YES;
				CLANG_WARN_CONSTANT_CONVERSION = YES;
				CLANG_WARN_DEPRECATED_OBJC_IMPLEMENTATIONS = YES;
				CLANG_WARN_DIRECT_OBJC_ISA_USAGE = YES_ERROR;
				CLANG_WARN_DOCUMENTATION_COMMENTS = YES;
				CLANG_WARN_EMPTY_BODY = YES;
				CLANG_WARN_ENUM_CONVERSION = YES;
				CLANG_WARN_INFINITE_RECURSION = YES;
				CLANG_WARN_INT_CONVERSION = YES;
				CLANG_WARN_NON_LITERAL_NULL_CONVERSION = YES;
				CLANG_WARN_OBJC_IMPLICIT_RETAIN_SELF = YES;
				CLANG_WARN_OBJC_LITERAL_CONVERSION = YES;
				CLANG_WARN_OBJC_ROOT_CLASS = YES_ERROR;
				CLANG_WARN_QUOTED_INCLUDE_IN_FRAMEWORK_HEADER = YES;
				CLANG_WARN_RANGE_LOOP_ANALYSIS = YES;
				CLANG_WARN_STRICT_PROTOTYPES = YES;
				CLANG_WARN_SUSPICIOUS_MOVE = YES;
				CLANG_WARN_UNGUARDED_AVAILABILITY = YES_AGGRESSIVE;
				CLANG_WARN_UNREACHABLE_CODE = YES;
				CLANG_WARN__DUPLICATE_METHOD_MATCH = YES;
				COPY_PHASE_STRIP = NO;
				DEBUG_INFORMATION_FORMAT = dwarf;
				ENABLE_STRICT_OBJC_MSGSEND = YES;
				ENABLE_TESTABILITY = YES;
				GCC_C_LANGUAGE_STANDARD = gnu11;
				GCC_DYNAMIC_NO_PIC = NO;
				GCC_NO_COMMON_BLOCKS = YES;
				GCC_OPTIMIZATION_LEVEL = 0;
				GCC_PREPROCESSOR_DEFINITIONS = (
					"DEBUG=1",
					"$(inherited)",
				);
				GCC_WARN_64_TO_32_BIT_CONVERSION = YES;
				GCC_WARN_ABOUT_RETURN_TYPE = YES_ERROR;
				GCC_WARN_UNDECLARED_SELECTOR = YES;
				GCC_WARN_UNINITIALIZED_AUTOS = YES_AGGRESSIVE;
				GCC_WARN_UNUSED_FUNCTION = YES;
				GCC_WARN_UNUSED_VARIABLE = YES;
				IPHONEOS_DEPLOYMENT_TARGET = 15.2;
				MTL_ENABLE_DEBUG_INFO = INCLUDE_SOURCE;
				MTL_FAST_MATH = YES;
				ONLY_ACTIVE_ARCH = YES;
				SDKROOT = iphoneos;
				SWIFT_ACTIVE_COMPILATION_CONDITIONS = DEBUG;
				SWIFT_OPTIMIZATION_LEVEL = "-Onone";
			};
			name = Debug;
		};
		B61A31D3278CB1040008D48F /* Release */ = {
			isa = XCBuildConfiguration;
			buildSettings = {
				ALWAYS_SEARCH_USER_PATHS = NO;
				CLANG_ANALYZER_NONNULL = YES;
				CLANG_ANALYZER_NUMBER_OBJECT_CONVERSION = YES_AGGRESSIVE;
				CLANG_CXX_LANGUAGE_STANDARD = "gnu++17";
				CLANG_CXX_LIBRARY = "libc++";
				CLANG_ENABLE_MODULES = YES;
				CLANG_ENABLE_OBJC_ARC = YES;
				CLANG_ENABLE_OBJC_WEAK = YES;
				CLANG_WARN_BLOCK_CAPTURE_AUTORELEASING = YES;
				CLANG_WARN_BOOL_CONVERSION = YES;
				CLANG_WARN_COMMA = YES;
				CLANG_WARN_CONSTANT_CONVERSION = YES;
				CLANG_WARN_DEPRECATED_OBJC_IMPLEMENTATIONS = YES;
				CLANG_WARN_DIRECT_OBJC_ISA_USAGE = YES_ERROR;
				CLANG_WARN_DOCUMENTATION_COMMENTS = YES;
				CLANG_WARN_EMPTY_BODY = YES;
				CLANG_WARN_ENUM_CONVERSION = YES;
				CLANG_WARN_INFINITE_RECURSION = YES;
				CLANG_WARN_INT_CONVERSION = YES;
				CLANG_WARN_NON_LITERAL_NULL_CONVERSION = YES;
				CLANG_WARN_OBJC_IMPLICIT_RETAIN_SELF = YES;
				CLANG_WARN_OBJC_LITERAL_CONVERSION = YES;
				CLANG_WARN_OBJC_ROOT_CLASS = YES_ERROR;
				CLANG_WARN_QUOTED_INCLUDE_IN_FRAMEWORK_HEADER = YES;
				CLANG_WARN_RANGE_LOOP_ANALYSIS = YES;
				CLANG_WARN_STRICT_PROTOTYPES = YES;
				CLANG_WARN_SUSPICIOUS_MOVE = YES;
				CLANG_WARN_UNGUARDED_AVAILABILITY = YES_AGGRESSIVE;
				CLANG_WARN_UNREACHABLE_CODE = YES;
				CLANG_WARN__DUPLICATE_METHOD_MATCH = YES;
				COPY_PHASE_STRIP = NO;
				DEBUG_INFORMATION_FORMAT = "dwarf-with-dsym";
				ENABLE_NS_ASSERTIONS = NO;
				ENABLE_STRICT_OBJC_MSGSEND = YES;
				GCC_C_LANGUAGE_STANDARD = gnu11;
				GCC_NO_COMMON_BLOCKS = YES;
				GCC_WARN_64_TO_32_BIT_CONVERSION = YES;
				GCC_WARN_ABOUT_RETURN_TYPE = YES_ERROR;
				GCC_WARN_UNDECLARED_SELECTOR = YES;
				GCC_WARN_UNINITIALIZED_AUTOS = YES_AGGRESSIVE;
				GCC_WARN_UNUSED_FUNCTION = YES;
				GCC_WARN_UNUSED_VARIABLE = YES;
				IPHONEOS_DEPLOYMENT_TARGET = 15.2;
				MTL_ENABLE_DEBUG_INFO = NO;
				MTL_FAST_MATH = YES;
				SDKROOT = iphoneos;
				SWIFT_COMPILATION_MODE = wholemodule;
				SWIFT_OPTIMIZATION_LEVEL = "-O";
				VALIDATE_PRODUCT = YES;
			};
			name = Release;
		};
		B61A31D5278CB1040008D48F /* Debug */ = {
			isa = XCBuildConfiguration;
			buildSettings = {
				ASSETCATALOG_COMPILER_APPICON_NAME = AppIcon;
				ASSETCATALOG_COMPILER_GLOBAL_ACCENT_COLOR_NAME = AccentColor;
				CODE_SIGN_ENTITLEMENTS = Meedies/Meedies.entitlements;
				CODE_SIGN_STYLE = Automatic;
				CURRENT_PROJECT_VERSION = 1;
				DEVELOPMENT_ASSET_PATHS = "\"Meedies/Preview Content\"";
				DEVELOPMENT_TEAM = "";
				ENABLE_PREVIEWS = YES;
				GENERATE_INFOPLIST_FILE = YES;
				INFOPLIST_KEY_UIApplicationSceneManifest_Generation = YES;
				INFOPLIST_KEY_UIApplicationSupportsIndirectInputEvents = YES;
				INFOPLIST_KEY_UILaunchScreen_Generation = YES;
				INFOPLIST_KEY_UISupportedInterfaceOrientations_iPad = "UIInterfaceOrientationPortrait UIInterfaceOrientationPortraitUpsideDown UIInterfaceOrientationLandscapeLeft UIInterfaceOrientationLandscapeRight";
				INFOPLIST_KEY_UISupportedInterfaceOrientations_iPhone = "UIInterfaceOrientationPortrait UIInterfaceOrientationLandscapeLeft UIInterfaceOrientationLandscapeRight";
				LD_RUNPATH_SEARCH_PATHS = (
					"$(inherited)",
					"@executable_path/Frameworks",
				);
				MARKETING_VERSION = 1.0;
				PRODUCT_BUNDLE_IDENTIFIER = mishacausur.Meedies;
				PRODUCT_NAME = "$(TARGET_NAME)";
				SWIFT_EMIT_LOC_STRINGS = YES;
				SWIFT_VERSION = 5.0;
				TARGETED_DEVICE_FAMILY = "1,2";
			};
			name = Debug;
		};
		B61A31D6278CB1040008D48F /* Release */ = {
			isa = XCBuildConfiguration;
			buildSettings = {
				ASSETCATALOG_COMPILER_APPICON_NAME = AppIcon;
				ASSETCATALOG_COMPILER_GLOBAL_ACCENT_COLOR_NAME = AccentColor;
				CODE_SIGN_ENTITLEMENTS = Meedies/Meedies.entitlements;
				CODE_SIGN_STYLE = Automatic;
				CURRENT_PROJECT_VERSION = 1;
				DEVELOPMENT_ASSET_PATHS = "\"Meedies/Preview Content\"";
				DEVELOPMENT_TEAM = "";
				ENABLE_PREVIEWS = YES;
				GENERATE_INFOPLIST_FILE = YES;
				INFOPLIST_KEY_UIApplicationSceneManifest_Generation = YES;
				INFOPLIST_KEY_UIApplicationSupportsIndirectInputEvents = YES;
				INFOPLIST_KEY_UILaunchScreen_Generation = YES;
				INFOPLIST_KEY_UISupportedInterfaceOrientations_iPad = "UIInterfaceOrientationPortrait UIInterfaceOrientationPortraitUpsideDown UIInterfaceOrientationLandscapeLeft UIInterfaceOrientationLandscapeRight";
				INFOPLIST_KEY_UISupportedInterfaceOrientations_iPhone = "UIInterfaceOrientationPortrait UIInterfaceOrientationLandscapeLeft UIInterfaceOrientationLandscapeRight";
				LD_RUNPATH_SEARCH_PATHS = (
					"$(inherited)",
					"@executable_path/Frameworks",
				);
				MARKETING_VERSION = 1.0;
				PRODUCT_BUNDLE_IDENTIFIER = mishacausur.Meedies;
				PRODUCT_NAME = "$(TARGET_NAME)";
				SWIFT_EMIT_LOC_STRINGS = YES;
				SWIFT_VERSION = 5.0;
				TARGETED_DEVICE_FAMILY = "1,2";
			};
			name = Release;
		};
/* End XCBuildConfiguration section */

/* Begin XCConfigurationList section */
		B61A31BC278CB1030008D48F /* Build configuration list for PBXProject "Meedies" */ = {
			isa = XCConfigurationList;
			buildConfigurations = (
				B61A31D2278CB1040008D48F /* Debug */,
				B61A31D3278CB1040008D48F /* Release */,
			);
			defaultConfigurationIsVisible = 0;
			defaultConfigurationName = Release;
		};
		B61A31D4278CB1040008D48F /* Build configuration list for PBXNativeTarget "Meedies" */ = {
			isa = XCConfigurationList;
			buildConfigurations = (
				B61A31D5278CB1040008D48F /* Debug */,
				B61A31D6278CB1040008D48F /* Release */,
			);
			defaultConfigurationIsVisible = 0;
			defaultConfigurationName = Release;
		};
/* End XCConfigurationList section */

/* Begin XCRemoteSwiftPackageReference section */
		B6B8511C278F291F007E9451 /* XCRemoteSwiftPackageReference "firebase-ios-sdk" */ = {
			isa = XCRemoteSwiftPackageReference;
			repositoryURL = "https://github.com/firebase/firebase-ios-sdk";
			requirement = {
				kind = upToNextMajorVersion;
				minimumVersion = 8.0.0;
			};
		};
/* End XCRemoteSwiftPackageReference section */

/* Begin XCSwiftPackageProductDependency section */
		B6B8511D278F291F007E9451 /* FirebaseAuth */ = {
			isa = XCSwiftPackageProductDependency;
			package = B6B8511C278F291F007E9451 /* XCRemoteSwiftPackageReference "firebase-ios-sdk" */;
			productName = FirebaseAuth;
		};
/* End XCSwiftPackageProductDependency section */

/* Begin XCVersionGroup section */
		B61A31CF278CB1040008D48F /* Meedies.xcdatamodeld */ = {
			isa = XCVersionGroup;
			children = (
				B61A31D0278CB1040008D48F /* Meedies.xcdatamodel */,
			);
			currentVersion = B61A31D0278CB1040008D48F /* Meedies.xcdatamodel */;
			path = Meedies.xcdatamodeld;
			sourceTree = "<group>";
			versionGroupType = wrapper.xcdatamodel;
		};
/* End XCVersionGroup section */
	};
	rootObject = B61A31B9278CB1030008D48F /* Project object */;
}
